
Microsoft Visual Studio Solution File, Format Version 12.00
# Visual Studio 2013
VisualStudioVersion = 12.0.21005.1
MinimumVisualStudioVersion = 10.0.40219.1
Project("{FAE04EC0-301F-11D3-BF4B-00C04F79EFBC}") = "viz-labs", "viz-labs\viz-labs.csproj", "{0ADEF1C9-E9B8-4CDB-B0DD-F4EBBADB36F7}"
EndProject
Global
	GlobalSection(SolutionConfigurationPlatforms) = preSolution
		Debug|Any CPU = Debug|Any CPU
		Release|Any CPU = Release|Any CPU
	EndGlobalSection
	GlobalSection(ProjectConfigurationPlatforms) = postSolution
		{0ADEF1C9-E9B8-4CDB-B0DD-F4EBBADB36F7}.Debug|Any CPU.ActiveCfg = Debug|Any CPU
		{0ADEF1C9-E9B8-4CDB-B0DD-F4EBBADB36F7}.Debug|Any CPU.Build.0 = Debug|Any CPU
		{0ADEF1C9-E9B8-4CDB-B0DD-F4EBBADB36F7}.Release|Any CPU.ActiveCfg = Release|Any CPU
		{0ADEF1C9-E9B8-4CDB-B0DD-F4EBBADB36F7}.Release|Any CPU.Build.0 = Release|Any CPU
	EndGlobalSection
	GlobalSection(SolutionProperties) = preSolution
		HideSolutionNode = FALSE
	EndGlobalSection
EndGlobal
